
Microsoft Visual Studio Solution File, Format Version 12.00
# Visual Studio Version 17
VisualStudioVersion = 17.3.32901.215
MinimumVisualStudioVersion = 10.0.40219.1
Project("{FAE04EC0-301F-11D3-BF4B-00C04F79EFBC}") = "test2", "test2\test2.csproj", "{5ED3429A-DFEF-4C6A-A85B-73B5219B0AAF}"
EndProject
Global
	GlobalSection(SolutionConfigurationPlatforms) = preSolution
		Debug|Any CPU = Debug|Any CPU
		Release|Any CPU = Release|Any CPU
	EndGlobalSection
	GlobalSection(ProjectConfigurationPlatforms) = postSolution
		{5ED3429A-DFEF-4C6A-A85B-73B5219B0AAF}.Debug|Any CPU.ActiveCfg = Debug|Any CPU
		{5ED3429A-DFEF-4C6A-A85B-73B5219B0AAF}.Debug|Any CPU.Build.0 = Debug|Any CPU
		{5ED3429A-DFEF-4C6A-A85B-73B5219B0AAF}.Release|Any CPU.ActiveCfg = Release|Any CPU
		{5ED3429A-DFEF-4C6A-A85B-73B5219B0AAF}.Release|Any CPU.Build.0 = Release|Any CPU
	EndGlobalSection
	GlobalSection(SolutionProperties) = preSolution
		HideSolutionNode = FALSE
	EndGlobalSection
	GlobalSection(ExtensibilityGlobals) = postSolution
		SolutionGuid = {D30A10E2-2BA2-4E02-A4DC-189BA8CEC294}
	EndGlobalSection
EndGlobal
